
Microsoft Visual Studio Solution File, Format Version 12.00
# Visual Studio Version 17
VisualStudioVersion = 17.5.33414.496
MinimumVisualStudioVersion = 10.0.40219.1
Project("{FAE04EC0-301F-11D3-BF4B-00C04F79EFBC}") = "Api", "Api\Api.csproj", "{A4594F57-3490-4298-9994-750BF51D1DCF}"
EndProject
Global
	GlobalSection(SolutionConfigurationPlatforms) = preSolution
		Debug|Any CPU = Debug|Any CPU
		Release|Any CPU = Release|Any CPU
	EndGlobalSection
	GlobalSection(ProjectConfigurationPlatforms) = postSolution
		{A4594F57-3490-4298-9994-750BF51D1DCF}.Debug|Any CPU.ActiveCfg = Debug|Any CPU
		{A4594F57-3490-4298-9994-750BF51D1DCF}.Debug|Any CPU.Build.0 = Debug|Any CPU
		{A4594F57-3490-4298-9994-750BF51D1DCF}.Release|Any CPU.ActiveCfg = Release|Any CPU
		{A4594F57-3490-4298-9994-750BF51D1DCF}.Release|Any CPU.Build.0 = Release|Any CPU
	EndGlobalSection
	GlobalSection(SolutionProperties) = preSolution
		HideSolutionNode = FALSE
	EndGlobalSection
	GlobalSection(ExtensibilityGlobals) = postSolution
		SolutionGuid = {6F4C9AA7-7954-4CED-BD5E-7261EC4D925B}
	EndGlobalSection
EndGlobal
